
Microsoft Visual Studio Solution File, Format Version 12.00
# Visual Studio Version 17
VisualStudioVersion = 17.5.33530.505
MinimumVisualStudioVersion = 10.0.40219.1
Project("{8BC9CEB8-8B4A-11D0-8D11-00A0C91BC942}") = "MT3_00_03_LE2A_11_toyoda", "MT3_00_03_LE2A_11_toyoda.vcxproj", "{858D3B44-484D-4823-8AA5-DE7E97C968BE}"
EndProject
Global
	GlobalSection(SolutionConfigurationPlatforms) = preSolution
		Debug|x64 = Debug|x64
		Release|x64 = Release|x64
	EndGlobalSection
	GlobalSection(ProjectConfigurationPlatforms) = postSolution
		{858D3B44-484D-4823-8AA5-DE7E97C968BE}.Debug|x64.ActiveCfg = Debug|x64
		{858D3B44-484D-4823-8AA5-DE7E97C968BE}.Debug|x64.Build.0 = Debug|x64
		{858D3B44-484D-4823-8AA5-DE7E97C968BE}.Release|x64.ActiveCfg = Release|x64
		{858D3B44-484D-4823-8AA5-DE7E97C968BE}.Release|x64.Build.0 = Release|x64
	EndGlobalSection
	GlobalSection(SolutionProperties) = preSolution
		HideSolutionNode = FALSE
	EndGlobalSection
	GlobalSection(ExtensibilityGlobals) = postSolution
		SolutionGuid = {8E750F01-10B0-45BB-B959-0639CB2B3FAC}
	EndGlobalSection
EndGlobal
